// !$*UTF8*$!
{
	archiveVersion = 1;
	classes = {
	};
	objectVersion = 46;
	objects = {

/* Begin PBXBuildFile section */
		610425651D6E33FF00D83A19 /* MergeSort.h in Sources */ = {isa = PBXBuildFile; fileRef = 610425641D6E33FF00D83A19 /* MergeSort.h */; };
		6169AB5F1D7A5437004F0DE7 /* testPaintFence.cpp in Sources */ = {isa = PBXBuildFile; fileRef = 6169AB5E1D7A5437004F0DE7 /* testPaintFence.cpp */; };
		6169AB621D7CBA9A004F0DE7 /* TriangleMaking.cpp in Sources */ = {isa = PBXBuildFile; fileRef = 6169AB611D7CBA9A004F0DE7 /* TriangleMaking.cpp */; };
/* End PBXBuildFile section */

/* Begin PBXCopyFilesBuildPhase section */
		6104255F1D6E33FE00D83A19 /* CopyFiles */ = {
			isa = PBXCopyFilesBuildPhase;
			buildActionMask = 2147483647;
			dstPath = /usr/share/man/man1/;
			dstSubfolderSpec = 0;
			files = (
			);
			runOnlyForDeploymentPostprocessing = 1;
		};
/* End PBXCopyFilesBuildPhase section */

/* Begin PBXFileReference section */
		610425611D6E33FE00D83A19 /* Aug2016 Practice */ = {isa = PBXFileReference; explicitFileType = "compiled.mach-o.executable"; includeInIndex = 0; path = "Aug2016 Practice"; sourceTree = BUILT_PRODUCTS_DIR; };
		610425641D6E33FF00D83A19 /* MergeSort.h */ = {isa = PBXFileReference; lastKnownFileType = sourcecode.c.h; path = MergeSort.h; sourceTree = "<group>"; };
		6104256B1D6E342100D83A19 /* testMergeSort.cpp */ = {isa = PBXFileReference; fileEncoding = 4; lastKnownFileType = sourcecode.cpp.cpp; path = testMergeSort.cpp; sourceTree = "<group>"; };
		6104256D1D75F39300D83A19 /* RodCut.h */ = {isa = PBXFileReference; lastKnownFileType = sourcecode.c.h; path = RodCut.h; sourceTree = "<group>"; };
		6125E90D1D77D09B002C9B00 /* testRodCut.cpp */ = {isa = PBXFileReference; fileEncoding = 4; lastKnownFileType = sourcecode.cpp.cpp; path = testRodCut.cpp; sourceTree = "<group>"; };
		6169AB551D78CC02004F0DE7 /* XOR.h */ = {isa = PBXFileReference; lastKnownFileType = sourcecode.c.h; path = XOR.h; sourceTree = "<group>"; };
		6169AB561D78CC51004F0DE7 /* testWordBreak.cpp */ = {isa = PBXFileReference; fileEncoding = 4; lastKnownFileType = sourcecode.cpp.cpp; path = testWordBreak.cpp; sourceTree = "<group>"; };
		6169AB581D78D0DE004F0DE7 /* regExMatch.cpp */ = {isa = PBXFileReference; lastKnownFileType = sourcecode.cpp.cpp; path = regExMatch.cpp; sourceTree = "<group>"; };
		6169AB5B1D79E945004F0DE7 /* wordBreak.h */ = {isa = PBXFileReference; lastKnownFileType = sourcecode.c.h; path = wordBreak.h; sourceTree = "<group>"; };
		6169AB5D1D7A53D2004F0DE7 /* paintFence.h */ = {isa = PBXFileReference; lastKnownFileType = sourcecode.c.h; path = paintFence.h; sourceTree = "<group>"; };
		6169AB5E1D7A5437004F0DE7 /* testPaintFence.cpp */ = {isa = PBXFileReference; fileEncoding = 4; lastKnownFileType = sourcecode.cpp.cpp; path = testPaintFence.cpp; sourceTree = "<group>"; };
		6169AB601D7C7F9E004F0DE7 /* TriangleMaking.h */ = {isa = PBXFileReference; lastKnownFileType = sourcecode.c.h; path = TriangleMaking.h; sourceTree = "<group>"; };
		6169AB611D7CBA9A004F0DE7 /* TriangleMaking.cpp */ = {isa = PBXFileReference; fileEncoding = 4; lastKnownFileType = sourcecode.cpp.cpp; path = TriangleMaking.cpp; sourceTree = "<group>"; };
/* End PBXFileReference section */

/* Begin PBXFrameworksBuildPhase section */
		6104255E1D6E33FE00D83A19 /* Frameworks */ = {
			isa = PBXFrameworksBuildPhase;
			buildActionMask = 2147483647;
			files = (
			);
			runOnlyForDeploymentPostprocessing = 0;
		};
/* End PBXFrameworksBuildPhase section */

/* Begin PBXGroup section */
		610425581D6E33FE00D83A19 = {
			isa = PBXGroup;
			children = (
				610425631D6E33FF00D83A19 /* Aug2016 Practice */,
				610425621D6E33FE00D83A19 /* Products */,
			);
			sourceTree = "<group>";
		};
		610425621D6E33FE00D83A19 /* Products */ = {
			isa = PBXGroup;
			children = (
				610425611D6E33FE00D83A19 /* Aug2016 Practice */,
			);
			name = Products;
			sourceTree = "<group>";
		};
		610425631D6E33FF00D83A19 /* Aug2016 Practice */ = {
			isa = PBXGroup;
			children = (
				6169AB551D78CC02004F0DE7 /* XOR.h */,
				6104256D1D75F39300D83A19 /* RodCut.h */,
				610425641D6E33FF00D83A19 /* MergeSort.h */,
				6169AB5B1D79E945004F0DE7 /* wordBreak.h */,
				6169AB5D1D7A53D2004F0DE7 /* paintFence.h */,
				6169AB601D7C7F9E004F0DE7 /* TriangleMaking.h */,
				6169AB611D7CBA9A004F0DE7 /* TriangleMaking.cpp */,
				6169AB581D78D0DE004F0DE7 /* regExMatch.cpp */,
				6125E90D1D77D09B002C9B00 /* testRodCut.cpp */,
				6104256B1D6E342100D83A19 /* testMergeSort.cpp */,
				6169AB561D78CC51004F0DE7 /* testWordBreak.cpp */,
				6169AB5E1D7A5437004F0DE7 /* testPaintFence.cpp */,
			);
			path = "Aug2016 Practice";
			sourceTree = "<group>";
		};
/* End PBXGroup section */

/* Begin PBXNativeTarget section */
		610425601D6E33FE00D83A19 /* Aug2016 Practice */ = {
			isa = PBXNativeTarget;
			buildConfigurationList = 610425681D6E33FF00D83A19 /* Build configuration list for PBXNativeTarget "Aug2016 Practice" */;
			buildPhases = (
				6104255D1D6E33FE00D83A19 /* Sources */,
				6104255E1D6E33FE00D83A19 /* Frameworks */,
				6104255F1D6E33FE00D83A19 /* CopyFiles */,
			);
			buildRules = (
			);
			dependencies = (
			);
			name = "Aug2016 Practice";
			productName = "Aug2016 Practice";
			productReference = 610425611D6E33FE00D83A19 /* Aug2016 Practice */;
			productType = "com.apple.product-type.tool";
		};
/* End PBXNativeTarget section */

/* Begin PBXProject section */
		610425591D6E33FE00D83A19 /* Project object */ = {
			isa = PBXProject;
			attributes = {
				LastUpgradeCheck = 0730;
				ORGANIZATIONNAME = "Anna Dodd";
				TargetAttributes = {
					610425601D6E33FE00D83A19 = {
						CreatedOnToolsVersion = 7.3.1;
					};
				};
			};
			buildConfigurationList = 6104255C1D6E33FE00D83A19 /* Build configuration list for PBXProject "Aug2016 Practice" */;
			compatibilityVersion = "Xcode 3.2";
			developmentRegion = English;
			hasScannedForEncodings = 0;
			knownRegions = (
				en,
			);
			mainGroup = 610425581D6E33FE00D83A19;
			productRefGroup = 610425621D6E33FE00D83A19 /* Products */;
			projectDirPath = "";
			projectRoot = "";
			targets = (
				610425601D6E33FE00D83A19 /* Aug2016 Practice */,
			);
		};
/* End PBXProject section */

/* Begin PBXSourcesBuildPhase section */
		6104255D1D6E33FE00D83A19 /* Sources */ = {
			isa = PBXSourcesBuildPhase;
			buildActionMask = 2147483647;
			files = (
				6169AB621D7CBA9A004F0DE7 /* TriangleMaking.cpp in Sources */,
				6169AB5F1D7A5437004F0DE7 /* testPaintFence.cpp in Sources */,
				610425651D6E33FF00D83A19 /* MergeSort.h in Sources */,
			);
			runOnlyForDeploymentPostprocessing = 0;
		};
/* End PBXSourcesBuildPhase section */

/* Begin XCBuildConfiguration section */
		610425661D6E33FF00D83A19 /* Debug */ = {
			isa = XCBuildConfiguration;
			buildSettings = {
				ALWAYS_SEARCH_USER_PATHS = NO;
				CLANG_ANALYZER_NONNULL = YES;
				CLANG_CXX_LANGUAGE_STANDARD = "gnu++0x";
				CLANG_CXX_LIBRARY = "libc++";
				CLANG_ENABLE_MODULES = YES;
				CLANG_ENABLE_OBJC_ARC = YES;
				CLANG_WARN_BOOL_CONVERSION = YES;
				CLANG_WARN_CONSTANT_CONVERSION = YES;
				CLANG_WARN_DIRECT_OBJC_ISA_USAGE = YES_ERROR;
				CLANG_WARN_EMPTY_BODY = YES;
				CLANG_WARN_ENUM_CONVERSION = YES;
				CLANG_WARN_INT_CONVERSION = YES;
				CLANG_WARN_OBJC_ROOT_CLASS = YES_ERROR;
				CLANG_WARN_UNREACHABLE_CODE = YES;
				CLANG_WARN__DUPLICATE_METHOD_MATCH = YES;
				CODE_SIGN_IDENTITY = "-";
				COPY_PHASE_STRIP = NO;
				DEBUG_INFORMATION_FORMAT = dwarf;
				ENABLE_STRICT_OBJC_MSGSEND = YES;
				ENABLE_TESTABILITY = YES;
				GCC_C_LANGUAGE_STANDARD = gnu99;
				GCC_DYNAMIC_NO_PIC = NO;
				GCC_NO_COMMON_BLOCKS = YES;
				GCC_OPTIMIZATION_LEVEL = 0;
				GCC_PREPROCESSOR_DEFINITIONS = (
					"DEBUG=1",
					"$(inherited)",
				);
				GCC_WARN_64_TO_32_BIT_CONVERSION = YES;
				GCC_WARN_ABOUT_RETURN_TYPE = YES_ERROR;
				GCC_WARN_UNDECLARED_SELECTOR = YES;
				GCC_WARN_UNINITIALIZED_AUTOS = YES_AGGRESSIVE;
				GCC_WARN_UNUSED_FUNCTION = YES;
				GCC_WARN_UNUSED_VARIABLE = YES;
				MACOSX_DEPLOYMENT_TARGET = 10.11;
				MTL_ENABLE_DEBUG_INFO = YES;
				ONLY_ACTIVE_ARCH = YES;
				SDKROOT = macosx;
			};
			name = Debug;
		};
		610425671D6E33FF00D83A19 /* Release */ = {
			isa = XCBuildConfiguration;
			buildSettings = {
				ALWAYS_SEARCH_USER_PATHS = NO;
				CLANG_ANALYZER_NONNULL = YES;
				CLANG_CXX_LANGUAGE_STANDARD = "gnu++0x";
				CLANG_CXX_LIBRARY = "libc++";
				CLANG_ENABLE_MODULES = YES;
				CLANG_ENABLE_OBJC_ARC = YES;
				CLANG_WARN_BOOL_CONVERSION = YES;
				CLANG_WARN_CONSTANT_CONVERSION = YES;
				CLANG_WARN_DIRECT_OBJC_ISA_USAGE = YES_ERROR;
				CLANG_WARN_EMPTY_BODY = YES;
				CLANG_WARN_ENUM_CONVERSION = YES;
				CLANG_WARN_INT_CONVERSION = YES;
				CLANG_WARN_OBJC_ROOT_CLASS = YES_ERROR;
				CLANG_WARN_UNREACHABLE_CODE = YES;
				CLANG_WARN__DUPLICATE_METHOD_MATCH = YES;
				CODE_SIGN_IDENTITY = "-";
				COPY_PHASE_STRIP = NO;
				DEBUG_INFORMATION_FORMAT = "dwarf-with-dsym";
				ENABLE_NS_ASSERTIONS = NO;
				ENABLE_STRICT_OBJC_MSGSEND = YES;
				GCC_C_LANGUAGE_STANDARD = gnu99;
				GCC_NO_COMMON_BLOCKS = YES;
				GCC_WARN_64_TO_32_BIT_CONVERSION = YES;
				GCC_WARN_ABOUT_RETURN_TYPE = YES_ERROR;
				GCC_WARN_UNDECLARED_SELECTOR = YES;
				GCC_WARN_UNINITIALIZED_AUTOS = YES_AGGRESSIVE;
				GCC_WARN_UNUSED_FUNCTION = YES;
				GCC_WARN_UNUSED_VARIABLE = YES;
				MACOSX_DEPLOYMENT_TARGET = 10.11;
				MTL_ENABLE_DEBUG_INFO = NO;
				SDKROOT = macosx;
			};
			name = Release;
		};
		610425691D6E33FF00D83A19 /* Debug */ = {
			isa = XCBuildConfiguration;
			buildSettings = {
				PRODUCT_NAME = "$(TARGET_NAME)";
			};
			name = Debug;
		};
		6104256A1D6E33FF00D83A19 /* Release */ = {
			isa = XCBuildConfiguration;
			buildSettings = {
				PRODUCT_NAME = "$(TARGET_NAME)";
			};
			name = Release;
		};
/* End XCBuildConfiguration section */

/* Begin XCConfigurationList section */
		6104255C1D6E33FE00D83A19 /* Build configuration list for PBXProject "Aug2016 Practice" */ = {
			isa = XCConfigurationList;
			buildConfigurations = (
				610425661D6E33FF00D83A19 /* Debug */,
				610425671D6E33FF00D83A19 /* Release */,
			);
			defaultConfigurationIsVisible = 0;
			defaultConfigurationName = Release;
		};
		610425681D6E33FF00D83A19 /* Build configuration list for PBXNativeTarget "Aug2016 Practice" */ = {
			isa = XCConfigurationList;
			buildConfigurations = (
				610425691D6E33FF00D83A19 /* Debug */,
				6104256A1D6E33FF00D83A19 /* Release */,
			);
			defaultConfigurationIsVisible = 0;
			defaultConfigurationName = Release;
		};
/* End XCConfigurationList section */
	};
	rootObject = 610425591D6E33FE00D83A19 /* Project object */;
}
